
Microsoft Visual Studio Solution File, Format Version 12.00
# Visual Studio Version 17
VisualStudioVersion = 17.12.35521.163
MinimumVisualStudioVersion = 10.0.40219.1
Project("{FAE04EC0-301F-11D3-BF4B-00C04F79EFBC}") = "Ruben_Booking.API", "Ruben_Booking.API.csproj", "{9FFF8E09-FC47-41E2-918B-C0F89399F451}"
EndProject
Project("{FAE04EC0-301F-11D3-BF4B-00C04F79EFBC}") = "Ruben_Booking.API.Tests", "..\Ruben_Booking.API.Tests\Ruben_Booking.API.Tests.csproj", "{BBB0CD01-A786-46FC-8A8F-723459582780}"
EndProject
Global
	GlobalSection(SolutionConfigurationPlatforms) = preSolution
		Debug|Any CPU = Debug|Any CPU
		Release|Any CPU = Release|Any CPU
	EndGlobalSection
	GlobalSection(ProjectConfigurationPlatforms) = postSolution
		{9FFF8E09-FC47-41E2-918B-C0F89399F451}.Debug|Any CPU.ActiveCfg = Debug|Any CPU
		{9FFF8E09-FC47-41E2-918B-C0F89399F451}.Debug|Any CPU.Build.0 = Debug|Any CPU
		{9FFF8E09-FC47-41E2-918B-C0F89399F451}.Release|Any CPU.ActiveCfg = Release|Any CPU
		{9FFF8E09-FC47-41E2-918B-C0F89399F451}.Release|Any CPU.Build.0 = Release|Any CPU
		{BBB0CD01-A786-46FC-8A8F-723459582780}.Debug|Any CPU.ActiveCfg = Debug|Any CPU
		{BBB0CD01-A786-46FC-8A8F-723459582780}.Debug|Any CPU.Build.0 = Debug|Any CPU
		{BBB0CD01-A786-46FC-8A8F-723459582780}.Release|Any CPU.ActiveCfg = Release|Any CPU
		{BBB0CD01-A786-46FC-8A8F-723459582780}.Release|Any CPU.Build.0 = Release|Any CPU
	EndGlobalSection
	GlobalSection(SolutionProperties) = preSolution
		HideSolutionNode = FALSE
	EndGlobalSection
EndGlobal
